// !$*UTF8*$!
{
	archiveVersion = 1;
	classes = {
	};
	objectVersion = 46;
	objects = {

/* Begin PBXBuildFile section */
		2732DF691A95059A009CA0D4 /* AppDelegate.swift in Sources */ = {isa = PBXBuildFile; fileRef = 2732DF681A95059A009CA0D4 /* AppDelegate.swift */; };
		2732DF6B1A95059A009CA0D4 /* ViewController.swift in Sources */ = {isa = PBXBuildFile; fileRef = 2732DF6A1A95059A009CA0D4 /* ViewController.swift */; };
		2732DF6E1A95059A009CA0D4 /* Main.storyboard in Resources */ = {isa = PBXBuildFile; fileRef = 2732DF6C1A95059A009CA0D4 /* Main.storyboard */; };
		2732DF701A95059A009CA0D4 /* Images.xcassets in Resources */ = {isa = PBXBuildFile; fileRef = 2732DF6F1A95059A009CA0D4 /* Images.xcassets */; };
		2732DF731A95059A009CA0D4 /* LaunchScreen.xib in Resources */ = {isa = PBXBuildFile; fileRef = 2732DF711A95059A009CA0D4 /* LaunchScreen.xib */; };
		2732DF7F1A95059A009CA0D4 /* FloatingMenuButtonSwiftTests.swift in Sources */ = {isa = PBXBuildFile; fileRef = 2732DF7E1A95059A009CA0D4 /* FloatingMenuButtonSwiftTests.swift */; };
		2732DF8A1A9506F8009CA0D4 /* Floating-Heads.xcassets in Resources */ = {isa = PBXBuildFile; fileRef = 2732DF881A9506F8009CA0D4 /* Floating-Heads.xcassets */; };
		2732DF8B1A9506F8009CA0D4 /* Zooming-Icons.xcassets in Resources */ = {isa = PBXBuildFile; fileRef = 2732DF891A9506F8009CA0D4 /* Zooming-Icons.xcassets */; };
		2732DF8D1A953027009CA0D4 /* FloatingButton.swift in Sources */ = {isa = PBXBuildFile; fileRef = 2732DF8C1A953027009CA0D4 /* FloatingButton.swift */; };
		27B380211A9662120005B41F /* UIColors+FloatingMenu.swift in Sources */ = {isa = PBXBuildFile; fileRef = 27B380201A9662120005B41F /* UIColors+FloatingMenu.swift */; };
/* End PBXBuildFile section */

/* Begin PBXContainerItemProxy section */
		2732DF791A95059A009CA0D4 /* PBXContainerItemProxy */ = {
			isa = PBXContainerItemProxy;
			containerPortal = 2732DF5B1A95059A009CA0D4 /* Project object */;
			proxyType = 1;
			remoteGlobalIDString = 2732DF621A95059A009CA0D4;
			remoteInfo = FloatingMenuButtonSwift;
		};
/* End PBXContainerItemProxy section */

/* Begin PBXFileReference section */
		2732DF631A95059A009CA0D4 /* FloatingMenuButtonSwift.app */ = {isa = PBXFileReference; explicitFileType = wrapper.application; includeInIndex = 0; path = FloatingMenuButtonSwift.app; sourceTree = BUILT_PRODUCTS_DIR; };
		2732DF671A95059A009CA0D4 /* Info.plist */ = {isa = PBXFileReference; lastKnownFileType = text.plist.xml; path = Info.plist; sourceTree = "<group>"; };
		2732DF681A95059A009CA0D4 /* AppDelegate.swift */ = {isa = PBXFileReference; lastKnownFileType = sourcecode.swift; path = AppDelegate.swift; sourceTree = "<group>"; };
		2732DF6A1A95059A009CA0D4 /* ViewController.swift */ = {isa = PBXFileReference; lastKnownFileType = sourcecode.swift; path = ViewController.swift; sourceTree = "<group>"; };
		2732DF6D1A95059A009CA0D4 /* Base */ = {isa = PBXFileReference; lastKnownFileType = file.storyboard; name = Base; path = Base.lproj/Main.storyboard; sourceTree = "<group>"; };
		2732DF6F1A95059A009CA0D4 /* Images.xcassets */ = {isa = PBXFileReference; lastKnownFileType = folder.assetcatalog; path = Images.xcassets; sourceTree = "<group>"; };
		2732DF721A95059A009CA0D4 /* Base */ = {isa = PBXFileReference; lastKnownFileType = file.xib; name = Base; path = Base.lproj/LaunchScreen.xib; sourceTree = "<group>"; };
		2732DF781A95059A009CA0D4 /* FloatingMenuButtonSwiftTests.xctest */ = {isa = PBXFileReference; explicitFileType = wrapper.cfbundle; includeInIndex = 0; path = FloatingMenuButtonSwiftTests.xctest; sourceTree = BUILT_PRODUCTS_DIR; };
		2732DF7D1A95059A009CA0D4 /* Info.plist */ = {isa = PBXFileReference; lastKnownFileType = text.plist.xml; path = Info.plist; sourceTree = "<group>"; };
		2732DF7E1A95059A009CA0D4 /* FloatingMenuButtonSwiftTests.swift */ = {isa = PBXFileReference; lastKnownFileType = sourcecode.swift; path = FloatingMenuButtonSwiftTests.swift; sourceTree = "<group>"; };
		2732DF881A9506F8009CA0D4 /* Floating-Heads.xcassets */ = {isa = PBXFileReference; lastKnownFileType = folder.assetcatalog; path = "Floating-Heads.xcassets"; sourceTree = "<group>"; };
		2732DF891A9506F8009CA0D4 /* Zooming-Icons.xcassets */ = {isa = PBXFileReference; lastKnownFileType = folder.assetcatalog; path = "Zooming-Icons.xcassets"; sourceTree = "<group>"; };
		2732DF8C1A953027009CA0D4 /* FloatingButton.swift */ = {isa = PBXFileReference; fileEncoding = 4; lastKnownFileType = sourcecode.swift; path = FloatingButton.swift; sourceTree = "<group>"; };
		2732DF8E1A95B77F009CA0D4 /* MyPlayground.playground */ = {isa = PBXFileReference; lastKnownFileType = file.playground; path = MyPlayground.playground; sourceTree = "<group>"; };
		27B380201A9662120005B41F /* UIColors+FloatingMenu.swift */ = {isa = PBXFileReference; fileEncoding = 4; lastKnownFileType = sourcecode.swift; path = "UIColors+FloatingMenu.swift"; sourceTree = "<group>"; };
/* End PBXFileReference section */

/* Begin PBXFrameworksBuildPhase section */
		2732DF601A95059A009CA0D4 /* Frameworks */ = {
			isa = PBXFrameworksBuildPhase;
			buildActionMask = 2147483647;
			files = (
			);
			runOnlyForDeploymentPostprocessing = 0;
		};
		2732DF751A95059A009CA0D4 /* Frameworks */ = {
			isa = PBXFrameworksBuildPhase;
			buildActionMask = 2147483647;
			files = (
			);
			runOnlyForDeploymentPostprocessing = 0;
		};
/* End PBXFrameworksBuildPhase section */

/* Begin PBXGroup section */
		2732DF5A1A95059A009CA0D4 = {
			isa = PBXGroup;
			children = (
				2732DF651A95059A009CA0D4 /* FloatingMenuButtonSwift */,
				2732DF7B1A95059A009CA0D4 /* FloatingMenuButtonSwiftTests */,
				2732DF641A95059A009CA0D4 /* Products */,
			);
			sourceTree = "<group>";
		};
		2732DF641A95059A009CA0D4 /* Products */ = {
			isa = PBXGroup;
			children = (
				2732DF631A95059A009CA0D4 /* FloatingMenuButtonSwift.app */,
				2732DF781A95059A009CA0D4 /* FloatingMenuButtonSwiftTests.xctest */,
			);
			name = Products;
			sourceTree = "<group>";
		};
		2732DF651A95059A009CA0D4 /* FloatingMenuButtonSwift */ = {
			isa = PBXGroup;
			children = (
				2732DF681A95059A009CA0D4 /* AppDelegate.swift */,
				2732DF6A1A95059A009CA0D4 /* ViewController.swift */,
				2732DF6C1A95059A009CA0D4 /* Main.storyboard */,
				2732DF8E1A95B77F009CA0D4 /* MyPlayground.playground */,
				2732DF8C1A953027009CA0D4 /* FloatingButton.swift */,
				27B380201A9662120005B41F /* UIColors+FloatingMenu.swift */,
				2732DF6F1A95059A009CA0D4 /* Images.xcassets */,
				2732DF881A9506F8009CA0D4 /* Floating-Heads.xcassets */,
				2732DF891A9506F8009CA0D4 /* Zooming-Icons.xcassets */,
				2732DF711A95059A009CA0D4 /* LaunchScreen.xib */,
				2732DF661A95059A009CA0D4 /* Supporting Files */,
			);
			path = FloatingMenuButtonSwift;
			sourceTree = "<group>";
		};
		2732DF661A95059A009CA0D4 /* Supporting Files */ = {
			isa = PBXGroup;
			children = (
				2732DF671A95059A009CA0D4 /* Info.plist */,
			);
			name = "Supporting Files";
			sourceTree = "<group>";
		};
		2732DF7B1A95059A009CA0D4 /* FloatingMenuButtonSwiftTests */ = {
			isa = PBXGroup;
			children = (
				2732DF7E1A95059A009CA0D4 /* FloatingMenuButtonSwiftTests.swift */,
				2732DF7C1A95059A009CA0D4 /* Supporting Files */,
			);
			path = FloatingMenuButtonSwiftTests;
			sourceTree = "<group>";
		};
		2732DF7C1A95059A009CA0D4 /* Supporting Files */ = {
			isa = PBXGroup;
			children = (
				2732DF7D1A95059A009CA0D4 /* Info.plist */,
			);
			name = "Supporting Files";
			sourceTree = "<group>";
		};
/* End PBXGroup section */

/* Begin PBXNativeTarget section */
		2732DF621A95059A009CA0D4 /* FloatingMenuButtonSwift */ = {
			isa = PBXNativeTarget;
			buildConfigurationList = 2732DF821A95059A009CA0D4 /* Build configuration list for PBXNativeTarget "FloatingMenuButtonSwift" */;
			buildPhases = (
				2732DF5F1A95059A009CA0D4 /* Sources */,
				2732DF601A95059A009CA0D4 /* Frameworks */,
				2732DF611A95059A009CA0D4 /* Resources */,
			);
			buildRules = (
			);
			dependencies = (
			);
			name = FloatingMenuButtonSwift;
			productName = FloatingMenuButtonSwift;
			productReference = 2732DF631A95059A009CA0D4 /* FloatingMenuButtonSwift.app */;
			productType = "com.apple.product-type.application";
		};
		2732DF771A95059A009CA0D4 /* FloatingMenuButtonSwiftTests */ = {
			isa = PBXNativeTarget;
			buildConfigurationList = 2732DF851A95059A009CA0D4 /* Build configuration list for PBXNativeTarget "FloatingMenuButtonSwiftTests" */;
			buildPhases = (
				2732DF741A95059A009CA0D4 /* Sources */,
				2732DF751A95059A009CA0D4 /* Frameworks */,
				2732DF761A95059A009CA0D4 /* Resources */,
			);
			buildRules = (
			);
			dependencies = (
				2732DF7A1A95059A009CA0D4 /* PBXTargetDependency */,
			);
			name = FloatingMenuButtonSwiftTests;
			productName = FloatingMenuButtonSwiftTests;
			productReference = 2732DF781A95059A009CA0D4 /* FloatingMenuButtonSwiftTests.xctest */;
			productType = "com.apple.product-type.bundle.unit-test";
		};
/* End PBXNativeTarget section */

/* Begin PBXProject section */
		2732DF5B1A95059A009CA0D4 /* Project object */ = {
			isa = PBXProject;
			attributes = {
				LastUpgradeCheck = 0610;
				ORGANIZATIONNAME = "Mike Reining";
				TargetAttributes = {
					2732DF621A95059A009CA0D4 = {
						CreatedOnToolsVersion = 6.1.1;
					};
					2732DF771A95059A009CA0D4 = {
						CreatedOnToolsVersion = 6.1.1;
						TestTargetID = 2732DF621A95059A009CA0D4;
					};
				};
			};
			buildConfigurationList = 2732DF5E1A95059A009CA0D4 /* Build configuration list for PBXProject "FloatingMenuButtonSwift" */;
			compatibilityVersion = "Xcode 3.2";
			developmentRegion = English;
			hasScannedForEncodings = 0;
			knownRegions = (
				en,
				Base,
			);
			mainGroup = 2732DF5A1A95059A009CA0D4;
			productRefGroup = 2732DF641A95059A009CA0D4 /* Products */;
			projectDirPath = "";
			projectRoot = "";
			targets = (
				2732DF621A95059A009CA0D4 /* FloatingMenuButtonSwift */,
				2732DF771A95059A009CA0D4 /* FloatingMenuButtonSwiftTests */,
			);
		};
/* End PBXProject section */

/* Begin PBXResourcesBuildPhase section */
		2732DF611A95059A009CA0D4 /* Resources */ = {
			isa = PBXResourcesBuildPhase;
			buildActionMask = 2147483647;
			files = (
				2732DF6E1A95059A009CA0D4 /* Main.storyboard in Resources */,
				2732DF8B1A9506F8009CA0D4 /* Zooming-Icons.xcassets in Resources */,
				2732DF8A1A9506F8009CA0D4 /* Floating-Heads.xcassets in Resources */,
				2732DF731A95059A009CA0D4 /* LaunchScreen.xib in Resources */,
				2732DF701A95059A009CA0D4 /* Images.xcassets in Resources */,
			);
			runOnlyForDeploymentPostprocessing = 0;
		};
		2732DF761A95059A009CA0D4 /* Resources */ = {
			isa = PBXResourcesBuildPhase;
			buildActionMask = 2147483647;
			files = (
			);
			runOnlyForDeploymentPostprocessing = 0;
		};
/* End PBXResourcesBuildPhase section */

/* Begin PBXSourcesBuildPhase section */
		2732DF5F1A95059A009CA0D4 /* Sources */ = {
			isa = PBXSourcesBuildPhase;
			buildActionMask = 2147483647;
			files = (
				2732DF6B1A95059A009CA0D4 /* ViewController.swift in Sources */,
				2732DF691A95059A009CA0D4 /* AppDelegate.swift in Sources */,
				27B380211A9662120005B41F /* UIColors+FloatingMenu.swift in Sources */,
				2732DF8D1A953027009CA0D4 /* FloatingButton.swift in Sources */,
			);
			runOnlyForDeploymentPostprocessing = 0;
		};
		2732DF741A95059A009CA0D4 /* Sources */ = {
			isa = PBXSourcesBuildPhase;
			buildActionMask = 2147483647;
			files = (
				2732DF7F1A95059A009CA0D4 /* FloatingMenuButtonSwiftTests.swift in Sources */,
			);
			runOnlyForDeploymentPostprocessing = 0;
		};
/* End PBXSourcesBuildPhase section */

/* Begin PBXTargetDependency section */
		2732DF7A1A95059A009CA0D4 /* PBXTargetDependency */ = {
			isa = PBXTargetDependency;
			target = 2732DF621A95059A009CA0D4 /* FloatingMenuButtonSwift */;
			targetProxy = 2732DF791A95059A009CA0D4 /* PBXContainerItemProxy */;
		};
/* End PBXTargetDependency section */

/* Begin PBXVariantGroup section */
		2732DF6C1A95059A009CA0D4 /* Main.storyboard */ = {
			isa = PBXVariantGroup;
			children = (
				2732DF6D1A95059A009CA0D4 /* Base */,
			);
			name = Main.storyboard;
			sourceTree = "<group>";
		};
		2732DF711A95059A009CA0D4 /* LaunchScreen.xib */ = {
			isa = PBXVariantGroup;
			children = (
				2732DF721A95059A009CA0D4 /* Base */,
			);
			name = LaunchScreen.xib;
			sourceTree = "<group>";
		};
/* End PBXVariantGroup section */

/* Begin XCBuildConfiguration section */
		2732DF801A95059A009CA0D4 /* Debug */ = {
			isa = XCBuildConfiguration;
			buildSettings = {
				ALWAYS_SEARCH_USER_PATHS = NO;
				CLANG_CXX_LANGUAGE_STANDARD = "gnu++0x";
				CLANG_CXX_LIBRARY = "libc++";
				CLANG_ENABLE_MODULES = YES;
				CLANG_ENABLE_OBJC_ARC = YES;
				CLANG_WARN_BOOL_CONVERSION = YES;
				CLANG_WARN_CONSTANT_CONVERSION = YES;
				CLANG_WARN_DIRECT_OBJC_ISA_USAGE = YES_ERROR;
				CLANG_WARN_EMPTY_BODY = YES;
				CLANG_WARN_ENUM_CONVERSION = YES;
				CLANG_WARN_INT_CONVERSION = YES;
				CLANG_WARN_OBJC_ROOT_CLASS = YES_ERROR;
				CLANG_WARN_UNREACHABLE_CODE = YES;
				CLANG_WARN__DUPLICATE_METHOD_MATCH = YES;
				"CODE_SIGN_IDENTITY[sdk=iphoneos*]" = "iPhone Developer";
				COPY_PHASE_STRIP = NO;
				ENABLE_STRICT_OBJC_MSGSEND = YES;
				GCC_C_LANGUAGE_STANDARD = gnu99;
				GCC_DYNAMIC_NO_PIC = NO;
				GCC_OPTIMIZATION_LEVEL = 0;
				GCC_PREPROCESSOR_DEFINITIONS = (
					"DEBUG=1",
					"$(inherited)",
				);
				GCC_SYMBOLS_PRIVATE_EXTERN = NO;
				GCC_WARN_64_TO_32_BIT_CONVERSION = YES;
				GCC_WARN_ABOUT_RETURN_TYPE = YES_ERROR;
				GCC_WARN_UNDECLARED_SELECTOR = YES;
				GCC_WARN_UNINITIALIZED_AUTOS = YES_AGGRESSIVE;
				GCC_WARN_UNUSED_FUNCTION = YES;
				GCC_WARN_UNUSED_VARIABLE = YES;
				IPHONEOS_DEPLOYMENT_TARGET = 8.1;
				MTL_ENABLE_DEBUG_INFO = YES;
				ONLY_ACTIVE_ARCH = YES;
				SDKROOT = iphoneos;
				SWIFT_OPTIMIZATION_LEVEL = "-Onone";
				TARGETED_DEVICE_FAMILY = "1,2";
			};
			name = Debug;
		};
		2732DF811A95059A009CA0D4 /* Release */ = {
			isa = XCBuildConfiguration;
			buildSettings = {
				ALWAYS_SEARCH_USER_PATHS = NO;
				CLANG_CXX_LANGUAGE_STANDARD = "gnu++0x";
				CLANG_CXX_LIBRARY = "libc++";
				CLANG_ENABLE_MODULES = YES;
				CLANG_ENABLE_OBJC_ARC = YES;
				CLANG_WARN_BOOL_CONVERSION = YES;
				CLANG_WARN_CONSTANT_CONVERSION = YES;
				CLANG_WARN_DIRECT_OBJC_ISA_USAGE = YES_ERROR;
				CLANG_WARN_EMPTY_BODY = YES;
				CLANG_WARN_ENUM_CONVERSION = YES;
				CLANG_WARN_INT_CONVERSION = YES;
				CLANG_WARN_OBJC_ROOT_CLASS = YES_ERROR;
				CLANG_WARN_UNREACHABLE_CODE = YES;
				CLANG_WARN__DUPLICATE_METHOD_MATCH = YES;
				"CODE_SIGN_IDENTITY[sdk=iphoneos*]" = "iPhone Developer";
				COPY_PHASE_STRIP = YES;
				ENABLE_NS_ASSERTIONS = NO;
				ENABLE_STRICT_OBJC_MSGSEND = YES;
				GCC_C_LANGUAGE_STANDARD = gnu99;
				GCC_WARN_64_TO_32_BIT_CONVERSION = YES;
				GCC_WARN_ABOUT_RETURN_TYPE = YES_ERROR;
				GCC_WARN_UNDECLARED_SELECTOR = YES;
				GCC_WARN_UNINITIALIZED_AUTOS = YES_AGGRESSIVE;
				GCC_WARN_UNUSED_FUNCTION = YES;
				GCC_WARN_UNUSED_VARIABLE = YES;
				IPHONEOS_DEPLOYMENT_TARGET = 8.1;
				MTL_ENABLE_DEBUG_INFO = NO;
				SDKROOT = iphoneos;
				TARGETED_DEVICE_FAMILY = "1,2";
				VALIDATE_PRODUCT = YES;
			};
			name = Release;
		};
		2732DF831A95059A009CA0D4 /* Debug */ = {
			isa = XCBuildConfiguration;
			buildSettings = {
				ASSETCATALOG_COMPILER_APPICON_NAME = AppIcon;
				INFOPLIST_FILE = FloatingMenuButtonSwift/Info.plist;
				LD_RUNPATH_SEARCH_PATHS = "$(inherited) @executable_path/Frameworks";
				PRODUCT_NAME = "$(TARGET_NAME)";
			};
			name = Debug;
		};
		2732DF841A95059A009CA0D4 /* Release */ = {
			isa = XCBuildConfiguration;
			buildSettings = {
				ASSETCATALOG_COMPILER_APPICON_NAME = AppIcon;
				INFOPLIST_FILE = FloatingMenuButtonSwift/Info.plist;
				LD_RUNPATH_SEARCH_PATHS = "$(inherited) @executable_path/Frameworks";
				PRODUCT_NAME = "$(TARGET_NAME)";
			};
			name = Release;
		};
		2732DF861A95059A009CA0D4 /* Debug */ = {
			isa = XCBuildConfiguration;
			buildSettings = {
				BUNDLE_LOADER = "$(TEST_HOST)";
				FRAMEWORK_SEARCH_PATHS = (
					"$(SDKROOT)/Developer/Library/Frameworks",
					"$(inherited)",
				);
				GCC_PREPROCESSOR_DEFINITIONS = (
					"DEBUG=1",
					"$(inherited)",
				);
				INFOPLIST_FILE = FloatingMenuButtonSwiftTests/Info.plist;
				LD_RUNPATH_SEARCH_PATHS = "$(inherited) @executable_path/Frameworks @loader_path/Frameworks";
				PRODUCT_NAME = "$(TARGET_NAME)";
				TEST_HOST = "$(BUILT_PRODUCTS_DIR)/FloatingMenuButtonSwift.app/FloatingMenuButtonSwift";
			};
			name = Debug;
		};
		2732DF871A95059A009CA0D4 /* Release */ = {
			isa = XCBuildConfiguration;
			buildSettings = {
				BUNDLE_LOADER = "$(TEST_HOST)";
				FRAMEWORK_SEARCH_PATHS = (
					"$(SDKROOT)/Developer/Library/Frameworks",
					"$(inherited)",
				);
				INFOPLIST_FILE = FloatingMenuButtonSwiftTests/Info.plist;
				LD_RUNPATH_SEARCH_PATHS = "$(inherited) @executable_path/Frameworks @loader_path/Frameworks";
				PRODUCT_NAME = "$(TARGET_NAME)";
				TEST_HOST = "$(BUILT_PRODUCTS_DIR)/FloatingMenuButtonSwift.app/FloatingMenuButtonSwift";
			};
			name = Release;
		};
/* End XCBuildConfiguration section */

/* Begin XCConfigurationList section */
		2732DF5E1A95059A009CA0D4 /* Build configuration list for PBXProject "FloatingMenuButtonSwift" */ = {
			isa = XCConfigurationList;
			buildConfigurations = (
				2732DF801A95059A009CA0D4 /* Debug */,
				2732DF811A95059A009CA0D4 /* Release */,
			);
			defaultConfigurationIsVisible = 0;
			defaultConfigurationName = Release;
		};
		2732DF821A95059A009CA0D4 /* Build configuration list for PBXNativeTarget "FloatingMenuButtonSwift" */ = {
			isa = XCConfigurationList;
			buildConfigurations = (
				2732DF831A95059A009CA0D4 /* Debug */,
				2732DF841A95059A009CA0D4 /* Release */,
			);
			defaultConfigurationIsVisible = 0;
			defaultConfigurationName = Release;
		};
		2732DF851A95059A009CA0D4 /* Build configuration list for PBXNativeTarget "FloatingMenuButtonSwiftTests" */ = {
			isa = XCConfigurationList;
			buildConfigurations = (
				2732DF861A95059A009CA0D4 /* Debug */,
				2732DF871A95059A009CA0D4 /* Release */,
			);
			defaultConfigurationIsVisible = 0;
			defaultConfigurationName = Release;
		};
/* End XCConfigurationList section */
	};
	rootObject = 2732DF5B1A95059A009CA0D4 /* Project object */;
}
